{
  "name": "eventodd",
  "version": "1.0.0",
  "lockfileVersion": 2,
  "requires": true,
  "packages": {
    "": {
      "name": "eventodd",
      "version": "1.0.0",
      "license": "MIT",
      "dependencies": {
        "eventodd": "^1.0.0"
      }
    },
    "node_modules/eventodd": {
      "version": "1.0.0",
      "resolved": "https://registry.npmjs.org/eventodd/-/eventodd-1.0.0.tgz",
      "integrity": "sha512-zOtxkIaaq4aSrwaqXqGDSDEUSUq1Ne/XthEagpTrV/TiiRzeJ7L1T58dPuPh7iQXUSlqYfXpN2J3EFAAuN1FZw=="
    }
  },
  "dependencies": {
    "eventodd": {
      "version": "1.0.0",
      "resolved": "https://registry.npmjs.org/eventodd/-/eventodd-1.0.0.tgz",
      "integrity": "sha512-zOtxkIaaq4aSrwaqXqGDSDEUSUq1Ne/XthEagpTrV/TiiRzeJ7L1T58dPuPh7iQXUSlqYfXpN2J3EFAAuN1FZw=="
    }
  }
}
